# This file was autogenerated by Stack.
# You should not edit this file by hand.
# For more information, please see the documentation at:
#   https://docs.haskellstack.org/en/stable/lock_files

packages: []
snapshots:
- completed:
    sha256: 60372fd94e0c083c6484f17181fd5634e530550a14be00a4c032862c514bd802
    size: 650422
    url: https://raw.githubusercontent.com/commercialhaskell/stackage-snapshots/master/nightly/2024/6/18.yaml
  original: nightly-2024-06-18
